
Microsoft Visual Studio Solution File, Format Version 12.00
# Visual Studio Version 16
VisualStudioVersion = 16.0.30804.86
MinimumVisualStudioVersion = 10.0.40219.1
Project("{9A19103F-16F7-4668-BE54-9A1E7A4F7556}") = "BYU-FEG", "BYU-FEG.csproj", "{7518BEAA-ECE9-4E51-A3F9-12231829EDEB}"
EndProject
Global
	GlobalSection(SolutionConfigurationPlatforms) = preSolution
		Debug|Any CPU = Debug|Any CPU
		Release|Any CPU = Release|Any CPU
	EndGlobalSection
	GlobalSection(ProjectConfigurationPlatforms) = postSolution
		{7518BEAA-ECE9-4E51-A3F9-12231829EDEB}.Debug|Any CPU.ActiveCfg = Debug|Any CPU
		{7518BEAA-ECE9-4E51-A3F9-12231829EDEB}.Debug|Any CPU.Build.0 = Debug|Any CPU
		{7518BEAA-ECE9-4E51-A3F9-12231829EDEB}.Release|Any CPU.ActiveCfg = Debug|Any CPU
		{7518BEAA-ECE9-4E51-A3F9-12231829EDEB}.Release|Any CPU.Build.0 = Debug|Any CPU
	EndGlobalSection
	GlobalSection(SolutionProperties) = preSolution
		HideSolutionNode = FALSE
	EndGlobalSection
	GlobalSection(ExtensibilityGlobals) = postSolution
		SolutionGuid = {36FD3470-F014-4D98-88DA-686CF35B2EC2}
	EndGlobalSection
EndGlobal
